
Microsoft Visual Studio Solution File, Format Version 12.00
# Visual Studio Version 17
VisualStudioVersion = 17.9.34616.47
MinimumVisualStudioVersion = 10.0.40219.1
Project("{2150E333-8FDC-42A3-9474-1A3956D46DE8}") = "Db", "Db", "{5F96C8FE-A434-4832-BE27-8FDB475B0CEF}"
EndProject
Project("{00D1A9C2-B5F0-4AF3-8072-F6C62B433612}") = "CorePoint.Db", "src\Db\CorePoint.Db\CorePoint.Db.sqlproj", "{C3349BF8-9211-4AAB-B683-4F3774ADF89D}"
EndProject
Project("{2150E333-8FDC-42A3-9474-1A3956D46DE8}") = "Application", "Application", "{C0FCA762-0270-4D13-ACDA-86BB92823487}"
EndProject
Project("{2150E333-8FDC-42A3-9474-1A3956D46DE8}") = "Domain", "Domain", "{EC0F3CC8-D8CA-4A56-92FF-F004B1156A65}"
EndProject
Project("{2150E333-8FDC-42A3-9474-1A3956D46DE8}") = "Shared", "Shared", "{5BB0241C-50D9-4421-91A2-13E513FCA85A}"
EndProject
Project("{2150E333-8FDC-42A3-9474-1A3956D46DE8}") = "Infrastructure", "Infrastructure", "{8534ECB9-D831-47E6-8E84-05D9A5242936}"
EndProject
Project("{9A19103F-16F7-4668-BE54-9A1E7A4F7556}") = "CorePoint.Domain", "src\Domain\CorePoint.Domain\CorePoint.Domain.csproj", "{FBCD2093-ED07-473A-A3B4-CB7BBA3B2488}"
EndProject
Project("{9A19103F-16F7-4668-BE54-9A1E7A4F7556}") = "CorePoint.Application", "src\Application\CorePoint.Application\CorePoint.Application.csproj", "{99160C13-1231-4FBB-9DF9-F3D9992DE614}"
EndProject
Project("{2150E333-8FDC-42A3-9474-1A3956D46DE8}") = "Dummies", "Dummies", "{5BBFD4BD-55C0-42E6-B32F-0207863A96B6}"
EndProject
Project("{9A19103F-16F7-4668-BE54-9A1E7A4F7556}") = "CorePoint.Dummies", "src\Dummies\CorePoint.Dummies\CorePoint.Dummies.csproj", "{BE7D488C-EB1B-4D70-856E-0251749F5B2D}"
EndProject
Project("{9A19103F-16F7-4668-BE54-9A1E7A4F7556}") = "CorePoint.Infrastructure", "src\Infrastructure\CorePoint.Infrastructure\CorePoint.Infrastructure.csproj", "{E944BA1D-49C6-4132-986E-90194937672C}"
EndProject
Global
	GlobalSection(SolutionConfigurationPlatforms) = preSolution
		Debug|Any CPU = Debug|Any CPU
		Release|Any CPU = Release|Any CPU
	EndGlobalSection
	GlobalSection(ProjectConfigurationPlatforms) = postSolution
		{C3349BF8-9211-4AAB-B683-4F3774ADF89D}.Debug|Any CPU.ActiveCfg = Debug|Any CPU
		{C3349BF8-9211-4AAB-B683-4F3774ADF89D}.Debug|Any CPU.Build.0 = Debug|Any CPU
		{C3349BF8-9211-4AAB-B683-4F3774ADF89D}.Debug|Any CPU.Deploy.0 = Debug|Any CPU
		{C3349BF8-9211-4AAB-B683-4F3774ADF89D}.Release|Any CPU.ActiveCfg = Release|Any CPU
		{C3349BF8-9211-4AAB-B683-4F3774ADF89D}.Release|Any CPU.Build.0 = Release|Any CPU
		{C3349BF8-9211-4AAB-B683-4F3774ADF89D}.Release|Any CPU.Deploy.0 = Release|Any CPU
		{FBCD2093-ED07-473A-A3B4-CB7BBA3B2488}.Debug|Any CPU.ActiveCfg = Debug|Any CPU
		{FBCD2093-ED07-473A-A3B4-CB7BBA3B2488}.Debug|Any CPU.Build.0 = Debug|Any CPU
		{FBCD2093-ED07-473A-A3B4-CB7BBA3B2488}.Release|Any CPU.ActiveCfg = Release|Any CPU
		{FBCD2093-ED07-473A-A3B4-CB7BBA3B2488}.Release|Any CPU.Build.0 = Release|Any CPU
		{99160C13-1231-4FBB-9DF9-F3D9992DE614}.Debug|Any CPU.ActiveCfg = Debug|Any CPU
		{99160C13-1231-4FBB-9DF9-F3D9992DE614}.Debug|Any CPU.Build.0 = Debug|Any CPU
		{99160C13-1231-4FBB-9DF9-F3D9992DE614}.Release|Any CPU.ActiveCfg = Release|Any CPU
		{99160C13-1231-4FBB-9DF9-F3D9992DE614}.Release|Any CPU.Build.0 = Release|Any CPU
		{BE7D488C-EB1B-4D70-856E-0251749F5B2D}.Debug|Any CPU.ActiveCfg = Debug|Any CPU
		{BE7D488C-EB1B-4D70-856E-0251749F5B2D}.Debug|Any CPU.Build.0 = Debug|Any CPU
		{BE7D488C-EB1B-4D70-856E-0251749F5B2D}.Release|Any CPU.ActiveCfg = Release|Any CPU
		{BE7D488C-EB1B-4D70-856E-0251749F5B2D}.Release|Any CPU.Build.0 = Release|Any CPU
		{E944BA1D-49C6-4132-986E-90194937672C}.Debug|Any CPU.ActiveCfg = Debug|Any CPU
		{E944BA1D-49C6-4132-986E-90194937672C}.Debug|Any CPU.Build.0 = Debug|Any CPU
		{E944BA1D-49C6-4132-986E-90194937672C}.Release|Any CPU.ActiveCfg = Release|Any CPU
		{E944BA1D-49C6-4132-986E-90194937672C}.Release|Any CPU.Build.0 = Release|Any CPU
	EndGlobalSection
	GlobalSection(SolutionProperties) = preSolution
		HideSolutionNode = FALSE
	EndGlobalSection
	GlobalSection(NestedProjects) = preSolution
		{C3349BF8-9211-4AAB-B683-4F3774ADF89D} = {5F96C8FE-A434-4832-BE27-8FDB475B0CEF}
		{FBCD2093-ED07-473A-A3B4-CB7BBA3B2488} = {EC0F3CC8-D8CA-4A56-92FF-F004B1156A65}
		{99160C13-1231-4FBB-9DF9-F3D9992DE614} = {C0FCA762-0270-4D13-ACDA-86BB92823487}
		{BE7D488C-EB1B-4D70-856E-0251749F5B2D} = {5BBFD4BD-55C0-42E6-B32F-0207863A96B6}
		{E944BA1D-49C6-4132-986E-90194937672C} = {8534ECB9-D831-47E6-8E84-05D9A5242936}
	EndGlobalSection
	GlobalSection(ExtensibilityGlobals) = postSolution
		SolutionGuid = {F457E6C9-4616-4CFC-8463-02B4E64E42E0}
	EndGlobalSection
EndGlobal
